
Microsoft Visual Studio Solution File, Format Version 12.00
# Visual Studio Version 17
VisualStudioVersion = 17.7.34031.279
MinimumVisualStudioVersion = 10.0.40219.1
Project("{8BC9CEB8-8B4A-11D0-8D11-00A0C91BC942}") = "Aventura de Texto", "Aventura de Texto\Aventura de Texto.vcxproj", "{50EE3608-EFE9-4373-B6A4-674CD3FFA068}"
EndProject
Global
	GlobalSection(SolutionConfigurationPlatforms) = preSolution
		Debug|x64 = Debug|x64
		Debug|x86 = Debug|x86
		Release|x64 = Release|x64
		Release|x86 = Release|x86
	EndGlobalSection
	GlobalSection(ProjectConfigurationPlatforms) = postSolution
		{50EE3608-EFE9-4373-B6A4-674CD3FFA068}.Debug|x64.ActiveCfg = Debug|x64
		{50EE3608-EFE9-4373-B6A4-674CD3FFA068}.Debug|x64.Build.0 = Debug|x64
		{50EE3608-EFE9-4373-B6A4-674CD3FFA068}.Debug|x86.ActiveCfg = Debug|Win32
		{50EE3608-EFE9-4373-B6A4-674CD3FFA068}.Debug|x86.Build.0 = Debug|Win32
		{50EE3608-EFE9-4373-B6A4-674CD3FFA068}.Release|x64.ActiveCfg = Release|x64
		{50EE3608-EFE9-4373-B6A4-674CD3FFA068}.Release|x64.Build.0 = Release|x64
		{50EE3608-EFE9-4373-B6A4-674CD3FFA068}.Release|x86.ActiveCfg = Release|Win32
		{50EE3608-EFE9-4373-B6A4-674CD3FFA068}.Release|x86.Build.0 = Release|Win32
	EndGlobalSection
	GlobalSection(SolutionProperties) = preSolution
		HideSolutionNode = FALSE
	EndGlobalSection
	GlobalSection(ExtensibilityGlobals) = postSolution
		SolutionGuid = {DDA6E930-83A3-46FE-B977-0CD99C465361}
	EndGlobalSection
EndGlobal
